// !$*UTF8*$!
{
	archiveVersion = 1;
	classes = {
	};
	objectVersion = 50;
	objects = {

/* Begin PBXBuildFile section */
		FC90DCFF236348600020C8F4 /* AppDelegate.swift in Sources */ = {isa = PBXBuildFile; fileRef = FC90DCFE236348600020C8F4 /* AppDelegate.swift */; };
		FC90DD01236348600020C8F4 /* SceneDelegate.swift in Sources */ = {isa = PBXBuildFile; fileRef = FC90DD00236348600020C8F4 /* SceneDelegate.swift */; };
		FC90DD06236348600020C8F4 /* Main.storyboard in Resources */ = {isa = PBXBuildFile; fileRef = FC90DD04236348600020C8F4 /* Main.storyboard */; };
		FC90DD08236348620020C8F4 /* Assets.xcassets in Resources */ = {isa = PBXBuildFile; fileRef = FC90DD07236348620020C8F4 /* Assets.xcassets */; };
		FC90DD0B236348620020C8F4 /* LaunchScreen.storyboard in Resources */ = {isa = PBXBuildFile; fileRef = FC90DD09236348620020C8F4 /* LaunchScreen.storyboard */; };
		FC90DD19236349EC0020C8F4 /* Pair.swift in Sources */ = {isa = PBXBuildFile; fileRef = FC90DD18236349EC0020C8F4 /* Pair.swift */; };
		FC90DD1B23634DC80020C8F4 /* PairListTableViewController.swift in Sources */ = {isa = PBXBuildFile; fileRef = FC90DD1A23634DC80020C8F4 /* PairListTableViewController.swift */; };
		FC90DD1D23634F530020C8F4 /* PairController.swift in Sources */ = {isa = PBXBuildFile; fileRef = FC90DD1C23634F530020C8F4 /* PairController.swift */; };
/* End PBXBuildFile section */

/* Begin PBXFileReference section */
		FC90DCFB236348600020C8F4 /* Pair.app */ = {isa = PBXFileReference; explicitFileType = wrapper.application; includeInIndex = 0; path = Pair.app; sourceTree = BUILT_PRODUCTS_DIR; };
		FC90DCFE236348600020C8F4 /* AppDelegate.swift */ = {isa = PBXFileReference; lastKnownFileType = sourcecode.swift; path = AppDelegate.swift; sourceTree = "<group>"; };
		FC90DD00236348600020C8F4 /* SceneDelegate.swift */ = {isa = PBXFileReference; lastKnownFileType = sourcecode.swift; path = SceneDelegate.swift; sourceTree = "<group>"; };
		FC90DD05236348600020C8F4 /* Base */ = {isa = PBXFileReference; lastKnownFileType = file.storyboard; name = Base; path = Base.lproj/Main.storyboard; sourceTree = "<group>"; };
		FC90DD07236348620020C8F4 /* Assets.xcassets */ = {isa = PBXFileReference; lastKnownFileType = folder.assetcatalog; path = Assets.xcassets; sourceTree = "<group>"; };
		FC90DD0A236348620020C8F4 /* Base */ = {isa = PBXFileReference; lastKnownFileType = file.storyboard; name = Base; path = Base.lproj/LaunchScreen.storyboard; sourceTree = "<group>"; };
		FC90DD0C236348620020C8F4 /* Info.plist */ = {isa = PBXFileReference; lastKnownFileType = text.plist.xml; path = Info.plist; sourceTree = "<group>"; };
		FC90DD18236349EC0020C8F4 /* Pair.swift */ = {isa = PBXFileReference; lastKnownFileType = sourcecode.swift; path = Pair.swift; sourceTree = "<group>"; };
		FC90DD1A23634DC80020C8F4 /* PairListTableViewController.swift */ = {isa = PBXFileReference; lastKnownFileType = sourcecode.swift; path = PairListTableViewController.swift; sourceTree = "<group>"; };
		FC90DD1C23634F530020C8F4 /* PairController.swift */ = {isa = PBXFileReference; lastKnownFileType = sourcecode.swift; path = PairController.swift; sourceTree = "<group>"; };
/* End PBXFileReference section */

/* Begin PBXFrameworksBuildPhase section */
		FC90DCF8236348600020C8F4 /* Frameworks */ = {
			isa = PBXFrameworksBuildPhase;
			buildActionMask = 2147483647;
			files = (
			);
			runOnlyForDeploymentPostprocessing = 0;
		};
/* End PBXFrameworksBuildPhase section */

/* Begin PBXGroup section */
		FC90DCF2236348600020C8F4 = {
			isa = PBXGroup;
			children = (
				FC90DCFD236348600020C8F4 /* Pair */,
				FC90DCFC236348600020C8F4 /* Products */,
			);
			sourceTree = "<group>";
		};
		FC90DCFC236348600020C8F4 /* Products */ = {
			isa = PBXGroup;
			children = (
				FC90DCFB236348600020C8F4 /* Pair.app */,
			);
			name = Products;
			sourceTree = "<group>";
		};
		FC90DCFD236348600020C8F4 /* Pair */ = {
			isa = PBXGroup;
			children = (
				FC90DD13236348760020C8F4 /* Models */,
				FC90DD152363487F0020C8F4 /* Controllers */,
				FC90DD142363487B0020C8F4 /* Views */,
				FC90DD12236348710020C8F4 /* Resources */,
			);
			path = Pair;
			sourceTree = "<group>";
		};
		FC90DD12236348710020C8F4 /* Resources */ = {
			isa = PBXGroup;
			children = (
				FC90DCFE236348600020C8F4 /* AppDelegate.swift */,
				FC90DD00236348600020C8F4 /* SceneDelegate.swift */,
				FC90DD07236348620020C8F4 /* Assets.xcassets */,
				FC90DD09236348620020C8F4 /* LaunchScreen.storyboard */,
				FC90DD0C236348620020C8F4 /* Info.plist */,
			);
			path = Resources;
			sourceTree = "<group>";
		};
		FC90DD13236348760020C8F4 /* Models */ = {
			isa = PBXGroup;
			children = (
				FC90DD18236349EC0020C8F4 /* Pair.swift */,
			);
			path = Models;
			sourceTree = "<group>";
		};
		FC90DD142363487B0020C8F4 /* Views */ = {
			isa = PBXGroup;
			children = (
				FC90DD04236348600020C8F4 /* Main.storyboard */,
			);
			path = Views;
			sourceTree = "<group>";
		};
		FC90DD152363487F0020C8F4 /* Controllers */ = {
			isa = PBXGroup;
			children = (
				FC90DD17236348920020C8F4 /* Model Controllers */,
				FC90DD162363488D0020C8F4 /* View Controllers */,
			);
			path = Controllers;
			sourceTree = "<group>";
		};
		FC90DD162363488D0020C8F4 /* View Controllers */ = {
			isa = PBXGroup;
			children = (
				FC90DD1A23634DC80020C8F4 /* PairListTableViewController.swift */,
			);
			path = "View Controllers";
			sourceTree = "<group>";
		};
		FC90DD17236348920020C8F4 /* Model Controllers */ = {
			isa = PBXGroup;
			children = (
				FC90DD1C23634F530020C8F4 /* PairController.swift */,
			);
			path = "Model Controllers";
			sourceTree = "<group>";
		};
/* End PBXGroup section */

/* Begin PBXNativeTarget section */
		FC90DCFA236348600020C8F4 /* Pair */ = {
			isa = PBXNativeTarget;
			buildConfigurationList = FC90DD0F236348620020C8F4 /* Build configuration list for PBXNativeTarget "Pair" */;
			buildPhases = (
				FC90DCF7236348600020C8F4 /* Sources */,
				FC90DCF8236348600020C8F4 /* Frameworks */,
				FC90DCF9236348600020C8F4 /* Resources */,
			);
			buildRules = (
			);
			dependencies = (
			);
			name = Pair;
			productName = Pair;
			productReference = FC90DCFB236348600020C8F4 /* Pair.app */;
			productType = "com.apple.product-type.application";
		};
/* End PBXNativeTarget section */

/* Begin PBXProject section */
		FC90DCF3236348600020C8F4 /* Project object */ = {
			isa = PBXProject;
			attributes = {
				LastSwiftUpdateCheck = 1110;
				LastUpgradeCheck = 1110;
				ORGANIZATIONNAME = "Josh Sparks";
				TargetAttributes = {
					FC90DCFA236348600020C8F4 = {
						CreatedOnToolsVersion = 11.1;
					};
				};
			};
			buildConfigurationList = FC90DCF6236348600020C8F4 /* Build configuration list for PBXProject "Pair" */;
			compatibilityVersion = "Xcode 9.3";
			developmentRegion = en;
			hasScannedForEncodings = 0;
			knownRegions = (
				en,
				Base,
			);
			mainGroup = FC90DCF2236348600020C8F4;
			productRefGroup = FC90DCFC236348600020C8F4 /* Products */;
			projectDirPath = "";
			projectRoot = "";
			targets = (
				FC90DCFA236348600020C8F4 /* Pair */,
			);
		};
/* End PBXProject section */

/* Begin PBXResourcesBuildPhase section */
		FC90DCF9236348600020C8F4 /* Resources */ = {
			isa = PBXResourcesBuildPhase;
			buildActionMask = 2147483647;
			files = (
				FC90DD0B236348620020C8F4 /* LaunchScreen.storyboard in Resources */,
				FC90DD08236348620020C8F4 /* Assets.xcassets in Resources */,
				FC90DD06236348600020C8F4 /* Main.storyboard in Resources */,
			);
			runOnlyForDeploymentPostprocessing = 0;
		};
/* End PBXResourcesBuildPhase section */

/* Begin PBXSourcesBuildPhase section */
		FC90DCF7236348600020C8F4 /* Sources */ = {
			isa = PBXSourcesBuildPhase;
			buildActionMask = 2147483647;
			files = (
				FC90DD19236349EC0020C8F4 /* Pair.swift in Sources */,
				FC90DD1B23634DC80020C8F4 /* PairListTableViewController.swift in Sources */,
				FC90DCFF236348600020C8F4 /* AppDelegate.swift in Sources */,
				FC90DD01236348600020C8F4 /* SceneDelegate.swift in Sources */,
				FC90DD1D23634F530020C8F4 /* PairController.swift in Sources */,
			);
			runOnlyForDeploymentPostprocessing = 0;
		};
/* End PBXSourcesBuildPhase section */

/* Begin PBXVariantGroup section */
		FC90DD04236348600020C8F4 /* Main.storyboard */ = {
			isa = PBXVariantGroup;
			children = (
				FC90DD05236348600020C8F4 /* Base */,
			);
			name = Main.storyboard;
			sourceTree = "<group>";
		};
		FC90DD09236348620020C8F4 /* LaunchScreen.storyboard */ = {
			isa = PBXVariantGroup;
			children = (
				FC90DD0A236348620020C8F4 /* Base */,
			);
			name = LaunchScreen.storyboard;
			sourceTree = "<group>";
		};
/* End PBXVariantGroup section */

/* Begin XCBuildConfiguration section */
		FC90DD0D236348620020C8F4 /* Debug */ = {
			isa = XCBuildConfiguration;
			buildSettings = {
				ALWAYS_SEARCH_USER_PATHS = NO;
				CLANG_ANALYZER_NONNULL = YES;
				CLANG_ANALYZER_NUMBER_OBJECT_CONVERSION = YES_AGGRESSIVE;
				CLANG_CXX_LANGUAGE_STANDARD = "gnu++14";
				CLANG_CXX_LIBRARY = "libc++";
				CLANG_ENABLE_MODULES = YES;
				CLANG_ENABLE_OBJC_ARC = YES;
				CLANG_ENABLE_OBJC_WEAK = YES;
				CLANG_WARN_BLOCK_CAPTURE_AUTORELEASING = YES;
				CLANG_WARN_BOOL_CONVERSION = YES;
				CLANG_WARN_COMMA = YES;
				CLANG_WARN_CONSTANT_CONVERSION = YES;
				CLANG_WARN_DEPRECATED_OBJC_IMPLEMENTATIONS = YES;
				CLANG_WARN_DIRECT_OBJC_ISA_USAGE = YES_ERROR;
				CLANG_WARN_DOCUMENTATION_COMMENTS = YES;
				CLANG_WARN_EMPTY_BODY = YES;
				CLANG_WARN_ENUM_CONVERSION = YES;
				CLANG_WARN_INFINITE_RECURSION = YES;
				CLANG_WARN_INT_CONVERSION = YES;
				CLANG_WARN_NON_LITERAL_NULL_CONVERSION = YES;
				CLANG_WARN_OBJC_IMPLICIT_RETAIN_SELF = YES;
				CLANG_WARN_OBJC_LITERAL_CONVERSION = YES;
				CLANG_WARN_OBJC_ROOT_CLASS = YES_ERROR;
				CLANG_WARN_RANGE_LOOP_ANALYSIS = YES;
				CLANG_WARN_STRICT_PROTOTYPES = YES;
				CLANG_WARN_SUSPICIOUS_MOVE = YES;
				CLANG_WARN_UNGUARDED_AVAILABILITY = YES_AGGRESSIVE;
				CLANG_WARN_UNREACHABLE_CODE = YES;
				CLANG_WARN__DUPLICATE_METHOD_MATCH = YES;
				COPY_PHASE_STRIP = NO;
				DEBUG_INFORMATION_FORMAT = dwarf;
				ENABLE_STRICT_OBJC_MSGSEND = YES;
				ENABLE_TESTABILITY = YES;
				GCC_C_LANGUAGE_STANDARD = gnu11;
				GCC_DYNAMIC_NO_PIC = NO;
				GCC_NO_COMMON_BLOCKS = YES;
				GCC_OPTIMIZATION_LEVEL = 0;
				GCC_PREPROCESSOR_DEFINITIONS = (
					"DEBUG=1",
					"$(inherited)",
				);
				GCC_WARN_64_TO_32_BIT_CONVERSION = YES;
				GCC_WARN_ABOUT_RETURN_TYPE = YES_ERROR;
				GCC_WARN_UNDECLARED_SELECTOR = YES;
				GCC_WARN_UNINITIALIZED_AUTOS = YES_AGGRESSIVE;
				GCC_WARN_UNUSED_FUNCTION = YES;
				GCC_WARN_UNUSED_VARIABLE = YES;
				IPHONEOS_DEPLOYMENT_TARGET = 13.1;
				MTL_ENABLE_DEBUG_INFO = INCLUDE_SOURCE;
				MTL_FAST_MATH = YES;
				ONLY_ACTIVE_ARCH = YES;
				SDKROOT = iphoneos;
				SWIFT_ACTIVE_COMPILATION_CONDITIONS = DEBUG;
				SWIFT_OPTIMIZATION_LEVEL = "-Onone";
			};
			name = Debug;
		};
		FC90DD0E236348620020C8F4 /* Release */ = {
			isa = XCBuildConfiguration;
			buildSettings = {
				ALWAYS_SEARCH_USER_PATHS = NO;
				CLANG_ANALYZER_NONNULL = YES;
				CLANG_ANALYZER_NUMBER_OBJECT_CONVERSION = YES_AGGRESSIVE;
				CLANG_CXX_LANGUAGE_STANDARD = "gnu++14";
				CLANG_CXX_LIBRARY = "libc++";
				CLANG_ENABLE_MODULES = YES;
				CLANG_ENABLE_OBJC_ARC = YES;
				CLANG_ENABLE_OBJC_WEAK = YES;
				CLANG_WARN_BLOCK_CAPTURE_AUTORELEASING = YES;
				CLANG_WARN_BOOL_CONVERSION = YES;
				CLANG_WARN_COMMA = YES;
				CLANG_WARN_CONSTANT_CONVERSION = YES;
				CLANG_WARN_DEPRECATED_OBJC_IMPLEMENTATIONS = YES;
				CLANG_WARN_DIRECT_OBJC_ISA_USAGE = YES_ERROR;
				CLANG_WARN_DOCUMENTATION_COMMENTS = YES;
				CLANG_WARN_EMPTY_BODY = YES;
				CLANG_WARN_ENUM_CONVERSION = YES;
				CLANG_WARN_INFINITE_RECURSION = YES;
				CLANG_WARN_INT_CONVERSION = YES;
				CLANG_WARN_NON_LITERAL_NULL_CONVERSION = YES;
				CLANG_WARN_OBJC_IMPLICIT_RETAIN_SELF = YES;
				CLANG_WARN_OBJC_LITERAL_CONVERSION = YES;
				CLANG_WARN_OBJC_ROOT_CLASS = YES_ERROR;
				CLANG_WARN_RANGE_LOOP_ANALYSIS = YES;
				CLANG_WARN_STRICT_PROTOTYPES = YES;
				CLANG_WARN_SUSPICIOUS_MOVE = YES;
				CLANG_WARN_UNGUARDED_AVAILABILITY = YES_AGGRESSIVE;
				CLANG_WARN_UNREACHABLE_CODE = YES;
				CLANG_WARN__DUPLICATE_METHOD_MATCH = YES;
				COPY_PHASE_STRIP = NO;
				DEBUG_INFORMATION_FORMAT = "dwarf-with-dsym";
				ENABLE_NS_ASSERTIONS = NO;
				ENABLE_STRICT_OBJC_MSGSEND = YES;
				GCC_C_LANGUAGE_STANDARD = gnu11;
				GCC_NO_COMMON_BLOCKS = YES;
				GCC_WARN_64_TO_32_BIT_CONVERSION = YES;
				GCC_WARN_ABOUT_RETURN_TYPE = YES_ERROR;
				GCC_WARN_UNDECLARED_SELECTOR = YES;
				GCC_WARN_UNINITIALIZED_AUTOS = YES_AGGRESSIVE;
				GCC_WARN_UNUSED_FUNCTION = YES;
				GCC_WARN_UNUSED_VARIABLE = YES;
				IPHONEOS_DEPLOYMENT_TARGET = 13.1;
				MTL_ENABLE_DEBUG_INFO = NO;
				MTL_FAST_MATH = YES;
				SDKROOT = iphoneos;
				SWIFT_COMPILATION_MODE = wholemodule;
				SWIFT_OPTIMIZATION_LEVEL = "-O";
				VALIDATE_PRODUCT = YES;
			};
			name = Release;
		};
		FC90DD10236348620020C8F4 /* Debug */ = {
			isa = XCBuildConfiguration;
			buildSettings = {
				ASSETCATALOG_COMPILER_APPICON_NAME = AppIcon;
				CODE_SIGN_STYLE = Automatic;
				DEVELOPMENT_TEAM = LNY44KHWJJ;
				INFOPLIST_FILE = Pair/Info.plist;
				LD_RUNPATH_SEARCH_PATHS = (
					"$(inherited)",
					"@executable_path/Frameworks",
				);
				PRODUCT_BUNDLE_IDENTIFIER = com.example.Pair;
				PRODUCT_NAME = "$(TARGET_NAME)";
				SWIFT_VERSION = 5.0;
				TARGETED_DEVICE_FAMILY = "1,2";
			};
			name = Debug;
		};
		FC90DD11236348620020C8F4 /* Release */ = {
			isa = XCBuildConfiguration;
			buildSettings = {
				ASSETCATALOG_COMPILER_APPICON_NAME = AppIcon;
				CODE_SIGN_STYLE = Automatic;
				DEVELOPMENT_TEAM = LNY44KHWJJ;
				INFOPLIST_FILE = Pair/Info.plist;
				LD_RUNPATH_SEARCH_PATHS = (
					"$(inherited)",
					"@executable_path/Frameworks",
				);
				PRODUCT_BUNDLE_IDENTIFIER = com.example.Pair;
				PRODUCT_NAME = "$(TARGET_NAME)";
				SWIFT_VERSION = 5.0;
				TARGETED_DEVICE_FAMILY = "1,2";
			};
			name = Release;
		};
/* End XCBuildConfiguration section */

/* Begin XCConfigurationList section */
		FC90DCF6236348600020C8F4 /* Build configuration list for PBXProject "Pair" */ = {
			isa = XCConfigurationList;
			buildConfigurations = (
				FC90DD0D236348620020C8F4 /* Debug */,
				FC90DD0E236348620020C8F4 /* Release */,
			);
			defaultConfigurationIsVisible = 0;
			defaultConfigurationName = Release;
		};
		FC90DD0F236348620020C8F4 /* Build configuration list for PBXNativeTarget "Pair" */ = {
			isa = XCConfigurationList;
			buildConfigurations = (
				FC90DD10236348620020C8F4 /* Debug */,
				FC90DD11236348620020C8F4 /* Release */,
			);
			defaultConfigurationIsVisible = 0;
			defaultConfigurationName = Release;
		};
/* End XCConfigurationList section */
	};
	rootObject = FC90DCF3236348600020C8F4 /* Project object */;
}
